
Microsoft Visual Studio Solution File, Format Version 12.00
# Visual Studio Version 17
VisualStudioVersion = 17.11.35312.102
MinimumVisualStudioVersion = 10.0.40219.1
Project("{FAE04EC0-301F-11D3-BF4B-00C04F79EFBC}") = "TeacherStudents", "TeacherStudents.csproj", "{03D2B3CD-7DC7-499C-BA56-C10ABB1A3E65}"
EndProject
Global
	GlobalSection(SolutionConfigurationPlatforms) = preSolution
		Debug|Any CPU = Debug|Any CPU
		Release|Any CPU = Release|Any CPU
	EndGlobalSection
	GlobalSection(ProjectConfigurationPlatforms) = postSolution
		{03D2B3CD-7DC7-499C-BA56-C10ABB1A3E65}.Debug|Any CPU.ActiveCfg = Debug|Any CPU
		{03D2B3CD-7DC7-499C-BA56-C10ABB1A3E65}.Debug|Any CPU.Build.0 = Debug|Any CPU
		{03D2B3CD-7DC7-499C-BA56-C10ABB1A3E65}.Release|Any CPU.ActiveCfg = Release|Any CPU
		{03D2B3CD-7DC7-499C-BA56-C10ABB1A3E65}.Release|Any CPU.Build.0 = Release|Any CPU
	EndGlobalSection
	GlobalSection(SolutionProperties) = preSolution
		HideSolutionNode = FALSE
	EndGlobalSection
	GlobalSection(ExtensibilityGlobals) = postSolution
		SolutionGuid = {E38897F3-880E-4E89-90E5-16178FB31553}
	EndGlobalSection
EndGlobal
